
Microsoft Visual Studio Solution File, Format Version 12.00
# Visual Studio Express 2012 for Windows Desktop
Project("{FAE04EC0-301F-11D3-BF4B-00C04F79EFBC}") = "YaronThurm.Lib", "YaronThurm.Lib\YaronThurm.Lib.csproj", "{6313D8B2-C6F5-4E5F-AB0C-17A989ED972A}"
EndProject
Project("{FAE04EC0-301F-11D3-BF4B-00C04F79EFBC}") = "UnitTests", "UnitTests\UnitTests.csproj", "{2BB75560-75DF-40AA-9CB9-AEE5F1A625AA}"
EndProject
Global	
	GlobalSection(SolutionConfigurationPlatforms) = preSolution
		Debug|Any CPU = Debug|Any CPU
		Release|Any CPU = Release|Any CPU
	EndGlobalSection
	GlobalSection(ProjectConfigurationPlatforms) = postSolution
		{6313D8B2-C6F5-4E5F-AB0C-17A989ED972A}.Debug|Any CPU.ActiveCfg = Debug|Any CPU
		{6313D8B2-C6F5-4E5F-AB0C-17A989ED972A}.Debug|Any CPU.Build.0 = Debug|Any CPU
		{6313D8B2-C6F5-4E5F-AB0C-17A989ED972A}.Release|Any CPU.ActiveCfg = Release|Any CPU
		{6313D8B2-C6F5-4E5F-AB0C-17A989ED972A}.Release|Any CPU.Build.0 = Release|Any CPU
		{2BB75560-75DF-40AA-9CB9-AEE5F1A625AA}.Debug|Any CPU.ActiveCfg = Debug|Any CPU
		{2BB75560-75DF-40AA-9CB9-AEE5F1A625AA}.Debug|Any CPU.Build.0 = Debug|Any CPU
		{2BB75560-75DF-40AA-9CB9-AEE5F1A625AA}.Release|Any CPU.ActiveCfg = Release|Any CPU
		{2BB75560-75DF-40AA-9CB9-AEE5F1A625AA}.Release|Any CPU.Build.0 = Release|Any CPU
	EndGlobalSection
	GlobalSection(SolutionProperties) = preSolution
		HideSolutionNode = FALSE
	EndGlobalSection
EndGlobal
